<?xml version="1.0" encoding="utf-8"?>
<Project ToolsVersion="4.0" xmlns="http://schemas.microsoft.com/developer/msbuild/2003">
  <ItemGroup>
    <ClCompile Include="tools.cpp">
      <Filter>0.base</Filter>
    </ClCompile>
    <ClCompile Include="cell.cpp">
      <Filter>1.logic</Filter>
    </ClCompile>
    <ClCompile Include="Board.cpp">
      <Filter>1.logic</Filter>
    </ClCompile>
    <ClCompile Include="ship.cpp">
      <Filter>1.logic</Filter>
    </ClCompile>
    <ClCompile Include="game.cpp">
      <Filter>1.logic</Filter>
    </ClCompile>
    <ClCompile Include="SeaWar.cpp">
      <Filter>2.game</Filter>
    </ClCompile>
    <ClCompile Include="user.cpp">
      <Filter>1.logic</Filter>
    </ClCompile>
  </ItemGroup>
  <ItemGroup>
    <ClInclude Include="types.h">
      <Filter>0.base</Filter>
    </ClInclude>
    <ClInclude Include="tools.h">
      <Filter>0.base</Filter>
    </ClInclude>
    <ClInclude Include="vector_tools.h">
      <Filter>0.base</Filter>
    </ClInclude>
    <ClInclude Include="enums.h">
      <Filter>0.base</Filter>
    </ClInclude>
    <ClInclude Include="cell.h">
      <Filter>1.logic</Filter>
    </ClInclude>
    <ClInclude Include="Board.h">
      <Filter>1.logic</Filter>
    </ClInclude>
    <ClInclude Include="ship.h">
      <Filter>1.logic</Filter>
    </ClInclude>
    <ClInclude Include="game.h">
      <Filter>1.logic</Filter>
    </ClInclude>
    <ClInclude Include="user.h">
      <Filter>1.logic</Filter>
    </ClInclude>
    <ClInclude Include="sfinae_types.h">
      <Filter>0.base</Filter>
    </ClInclude>
  </ItemGroup>
  <ItemGroup>
    <Filter Include="0.base">
      <UniqueIdentifier>{71044d51-f824-4388-8d1a-3b447d49ff1a}</UniqueIdentifier>
    </Filter>
    <Filter Include="1.logic">
      <UniqueIdentifier>{5a54c375-dd9e-4648-984f-049f1931e880}</UniqueIdentifier>
    </Filter>
    <Filter Include="2.game">
      <UniqueIdentifier>{43925cf9-e28f-403f-8e1e-dc7a52dd6039}</UniqueIdentifier>
    </Filter>
  </ItemGroup>
</Project>